train:
  cmd: python -m spacy run train
  script:
    - python -m spacy train configs/config.cfg --output training/ --paths.train corpus/train.spacy
      --paths.dev corpus/dev.spacy
  deps:
    - path: corpus/train.spacy
      md5: 60071f5de228263b2662947ffba189a1
    - path: corpus/dev.spacy
      md5: 654bbb52e3751c92228f2a6a719dda59
  outs:
    - path: training/model-best
      md5: 08a9e6ee418a7ad52d43e11d485315dd
  spacy_version: 3.0.1
  spacy_git_version: 91a3cab1c
evaluate:
  cmd: python -m spacy run evaluate
  script:
    - python -m spacy evaluate training/model-best corpus/dev.spacy --output training/metrics.json
  deps:
    - path: corpus/dev.spacy
      md5: 654bbb52e3751c92228f2a6a719dda59
    - path: training/model-best
      md5: 08a9e6ee418a7ad52d43e11d485315dd
  outs:
    - path: training/metrics.json
      md5: 4749ddcb9f1053cf2409e1ad3ea8c410
  spacy_version: 3.0.1
  spacy_git_version: 91a3cab1c
